
Microsoft Visual Studio Solution File, Format Version 12.00
# Visual Studio 15
VisualStudioVersion = 15.0.27130.2036
MinimumVisualStudioVersion = 10.0.40219.1
Project("{FAE04EC0-301F-11D3-BF4B-00C04F79EFBC}") = "RouteMarksViewer", "RouteMarksViewer\RouteMarksViewer.csproj", "{84CBEFB9-C182-47DE-BA57-B39F9729987E}"
EndProject
Global
	GlobalSection(SolutionConfigurationPlatforms) = preSolution
		Debug|Any CPU = Debug|Any CPU
		Release|Any CPU = Release|Any CPU
	EndGlobalSection
	GlobalSection(ProjectConfigurationPlatforms) = postSolution
		{84CBEFB9-C182-47DE-BA57-B39F9729987E}.Debug|Any CPU.ActiveCfg = Debug|Any CPU
		{84CBEFB9-C182-47DE-BA57-B39F9729987E}.Debug|Any CPU.Build.0 = Debug|Any CPU
		{84CBEFB9-C182-47DE-BA57-B39F9729987E}.Release|Any CPU.ActiveCfg = Release|Any CPU
		{84CBEFB9-C182-47DE-BA57-B39F9729987E}.Release|Any CPU.Build.0 = Release|Any CPU
	EndGlobalSection
	GlobalSection(SolutionProperties) = preSolution
		HideSolutionNode = FALSE
	EndGlobalSection
	GlobalSection(ExtensibilityGlobals) = postSolution
		SolutionGuid = {37FE3248-9838-497E-A0A1-3C8C93998575}
	EndGlobalSection
EndGlobal
